// !$*UTF8*$!
{
	archiveVersion = 1;
	classes = {
	};
	objectVersion = 46;
	objects = {

/* Begin PBXBuildFile section */
		943F49291D3ECC5B0040501E /* Alamofire.framework in CopyFiles */ = {isa = PBXBuildFile; fileRef = 94779A951D3EC91900795F04 /* Alamofire.framework */; settings = {ATTRIBUTES = (CodeSignOnCopy, RemoveHeadersOnCopy, ); }; };
		9473F9111D429D6E00E75684 /* DoorTableViewController.swift in Sources */ = {isa = PBXBuildFile; fileRef = 9473F9101D429D6E00E75684 /* DoorTableViewController.swift */; };
		9473F9131D42B50D00E75684 /* Constants.swift in Sources */ = {isa = PBXBuildFile; fileRef = 9473F9121D42B50D00E75684 /* Constants.swift */; };
		94779A961D3EC91900795F04 /* Alamofire.framework in Frameworks */ = {isa = PBXBuildFile; fileRef = 94779A951D3EC91900795F04 /* Alamofire.framework */; };
		94853FD01D5E69230037560B /* TestTableViewController.swift in Sources */ = {isa = PBXBuildFile; fileRef = 94853FCF1D5E69230037560B /* TestTableViewController.swift */; };
		94E3B3311D3EB54500FC8A28 /* AppDelegate.swift in Sources */ = {isa = PBXBuildFile; fileRef = 94E3B3301D3EB54500FC8A28 /* AppDelegate.swift */; };
		94E3B3361D3EB54500FC8A28 /* Main.storyboard in Resources */ = {isa = PBXBuildFile; fileRef = 94E3B3341D3EB54500FC8A28 /* Main.storyboard */; };
		94E3B3381D3EB54500FC8A28 /* Assets.xcassets in Resources */ = {isa = PBXBuildFile; fileRef = 94E3B3371D3EB54500FC8A28 /* Assets.xcassets */; };
		94E3B33B1D3EB54500FC8A28 /* LaunchScreen.storyboard in Resources */ = {isa = PBXBuildFile; fileRef = 94E3B3391D3EB54500FC8A28 /* LaunchScreen.storyboard */; };
		94E3B3441D3EB59C00FC8A28 /* CoreBluetooth.framework in Frameworks */ = {isa = PBXBuildFile; fileRef = 94E3B3421D3EB59C00FC8A28 /* CoreBluetooth.framework */; };
		94E3B3451D3EB59C00FC8A28 /* CoreLocation.framework in Frameworks */ = {isa = PBXBuildFile; fileRef = 94E3B3431D3EB59C00FC8A28 /* CoreLocation.framework */; };
		94E3B3491D3EB65B00FC8A28 /* EstimoteSDK.framework in Frameworks */ = {isa = PBXBuildFile; fileRef = 94E3B3481D3EB65B00FC8A28 /* EstimoteSDK.framework */; };
/* End PBXBuildFile section */

/* Begin PBXCopyFilesBuildPhase section */
		943F49281D3ECC3E0040501E /* CopyFiles */ = {
			isa = PBXCopyFilesBuildPhase;
			buildActionMask = 2147483647;
			dstPath = "";
			dstSubfolderSpec = 10;
			files = (
				943F49291D3ECC5B0040501E /* Alamofire.framework in CopyFiles */,
			);
			runOnlyForDeploymentPostprocessing = 0;
		};
/* End PBXCopyFilesBuildPhase section */

/* Begin PBXFileReference section */
		9473F9101D429D6E00E75684 /* DoorTableViewController.swift */ = {isa = PBXFileReference; fileEncoding = 4; lastKnownFileType = sourcecode.swift; path = DoorTableViewController.swift; sourceTree = "<group>"; };
		9473F9121D42B50D00E75684 /* Constants.swift */ = {isa = PBXFileReference; fileEncoding = 4; lastKnownFileType = sourcecode.swift; path = Constants.swift; sourceTree = "<group>"; };
		94779A951D3EC91900795F04 /* Alamofire.framework */ = {isa = PBXFileReference; lastKnownFileType = wrapper.framework; name = Alamofire.framework; path = Carthage/Build/iOS/Alamofire.framework; sourceTree = "<group>"; };
		94853FCF1D5E69230037560B /* TestTableViewController.swift */ = {isa = PBXFileReference; fileEncoding = 4; lastKnownFileType = sourcecode.swift; path = TestTableViewController.swift; sourceTree = "<group>"; };
		94E3B32D1D3EB54500FC8A28 /* PocketBadge.app */ = {isa = PBXFileReference; explicitFileType = wrapper.application; includeInIndex = 0; path = PocketBadge.app; sourceTree = BUILT_PRODUCTS_DIR; };
		94E3B3301D3EB54500FC8A28 /* AppDelegate.swift */ = {isa = PBXFileReference; lastKnownFileType = sourcecode.swift; path = AppDelegate.swift; sourceTree = "<group>"; };
		94E3B3351D3EB54500FC8A28 /* Base */ = {isa = PBXFileReference; lastKnownFileType = file.storyboard; name = Base; path = Base.lproj/Main.storyboard; sourceTree = "<group>"; };
		94E3B3371D3EB54500FC8A28 /* Assets.xcassets */ = {isa = PBXFileReference; lastKnownFileType = folder.assetcatalog; path = Assets.xcassets; sourceTree = "<group>"; };
		94E3B33A1D3EB54500FC8A28 /* Base */ = {isa = PBXFileReference; lastKnownFileType = file.storyboard; name = Base; path = Base.lproj/LaunchScreen.storyboard; sourceTree = "<group>"; };
		94E3B33C1D3EB54500FC8A28 /* Info.plist */ = {isa = PBXFileReference; lastKnownFileType = text.plist.xml; path = Info.plist; sourceTree = "<group>"; };
		94E3B3421D3EB59C00FC8A28 /* CoreBluetooth.framework */ = {isa = PBXFileReference; lastKnownFileType = wrapper.framework; name = CoreBluetooth.framework; path = System/Library/Frameworks/CoreBluetooth.framework; sourceTree = SDKROOT; };
		94E3B3431D3EB59C00FC8A28 /* CoreLocation.framework */ = {isa = PBXFileReference; lastKnownFileType = wrapper.framework; name = CoreLocation.framework; path = System/Library/Frameworks/CoreLocation.framework; sourceTree = SDKROOT; };
		94E3B3481D3EB65B00FC8A28 /* EstimoteSDK.framework */ = {isa = PBXFileReference; lastKnownFileType = wrapper.framework; path = EstimoteSDK.framework; sourceTree = "<group>"; };
		94E3B34A1D3EB69600FC8A28 /* ObjCBridge.h */ = {isa = PBXFileReference; lastKnownFileType = sourcecode.c.h; path = ObjCBridge.h; sourceTree = "<group>"; };
/* End PBXFileReference section */

/* Begin PBXFrameworksBuildPhase section */
		94E3B32A1D3EB54500FC8A28 /* Frameworks */ = {
			isa = PBXFrameworksBuildPhase;
			buildActionMask = 2147483647;
			files = (
				94E3B3441D3EB59C00FC8A28 /* CoreBluetooth.framework in Frameworks */,
				94E3B3451D3EB59C00FC8A28 /* CoreLocation.framework in Frameworks */,
				94E3B3491D3EB65B00FC8A28 /* EstimoteSDK.framework in Frameworks */,
				94779A961D3EC91900795F04 /* Alamofire.framework in Frameworks */,
			);
			runOnlyForDeploymentPostprocessing = 0;
		};
/* End PBXFrameworksBuildPhase section */

/* Begin PBXGroup section */
		94E3B3241D3EB54500FC8A28 = {
			isa = PBXGroup;
			children = (
				94E3B32F1D3EB54500FC8A28 /* PocketBadge */,
				94E3B3421D3EB59C00FC8A28 /* CoreBluetooth.framework */,
				94779A951D3EC91900795F04 /* Alamofire.framework */,
				94E3B3431D3EB59C00FC8A28 /* CoreLocation.framework */,
				94E3B3481D3EB65B00FC8A28 /* EstimoteSDK.framework */,
				94E3B32E1D3EB54500FC8A28 /* Products */,
			);
			sourceTree = "<group>";
		};
		94E3B32E1D3EB54500FC8A28 /* Products */ = {
			isa = PBXGroup;
			children = (
				94E3B32D1D3EB54500FC8A28 /* PocketBadge.app */,
			);
			name = Products;
			sourceTree = "<group>";
		};
		94E3B32F1D3EB54500FC8A28 /* PocketBadge */ = {
			isa = PBXGroup;
			children = (
				94E3B3301D3EB54500FC8A28 /* AppDelegate.swift */,
				9473F9121D42B50D00E75684 /* Constants.swift */,
				9473F9101D429D6E00E75684 /* DoorTableViewController.swift */,
				94853FCF1D5E69230037560B /* TestTableViewController.swift */,
				94E3B3341D3EB54500FC8A28 /* Main.storyboard */,
				94E3B3371D3EB54500FC8A28 /* Assets.xcassets */,
				94E3B3391D3EB54500FC8A28 /* LaunchScreen.storyboard */,
				94E3B33C1D3EB54500FC8A28 /* Info.plist */,
				94E3B34A1D3EB69600FC8A28 /* ObjCBridge.h */,
			);
			path = PocketBadge;
			sourceTree = "<group>";
		};
/* End PBXGroup section */

/* Begin PBXNativeTarget section */
		94E3B32C1D3EB54500FC8A28 /* PocketBadge */ = {
			isa = PBXNativeTarget;
			buildConfigurationList = 94E3B33F1D3EB54500FC8A28 /* Build configuration list for PBXNativeTarget "PocketBadge" */;
			buildPhases = (
				94E3B3291D3EB54500FC8A28 /* Sources */,
				94E3B32A1D3EB54500FC8A28 /* Frameworks */,
				94E3B32B1D3EB54500FC8A28 /* Resources */,
				943F49281D3ECC3E0040501E /* CopyFiles */,
			);
			buildRules = (
			);
			dependencies = (
			);
			name = PocketBadge;
			productName = PocketBadge;
			productReference = 94E3B32D1D3EB54500FC8A28 /* PocketBadge.app */;
			productType = "com.apple.product-type.application";
		};
/* End PBXNativeTarget section */

/* Begin PBXProject section */
		94E3B3251D3EB54500FC8A28 /* Project object */ = {
			isa = PBXProject;
			attributes = {
				LastSwiftUpdateCheck = 0730;
				LastUpgradeCheck = 0730;
				ORGANIZATIONNAME = "Ryan Passage";
				TargetAttributes = {
					94E3B32C1D3EB54500FC8A28 = {
						CreatedOnToolsVersion = 7.3.1;
						DevelopmentTeam = 3CB925AQC5;
					};
				};
			};
			buildConfigurationList = 94E3B3281D3EB54500FC8A28 /* Build configuration list for PBXProject "PocketBadge" */;
			compatibilityVersion = "Xcode 3.2";
			developmentRegion = English;
			hasScannedForEncodings = 0;
			knownRegions = (
				en,
				Base,
			);
			mainGroup = 94E3B3241D3EB54500FC8A28;
			productRefGroup = 94E3B32E1D3EB54500FC8A28 /* Products */;
			projectDirPath = "";
			projectRoot = "";
			targets = (
				94E3B32C1D3EB54500FC8A28 /* PocketBadge */,
			);
		};
/* End PBXProject section */

/* Begin PBXResourcesBuildPhase section */
		94E3B32B1D3EB54500FC8A28 /* Resources */ = {
			isa = PBXResourcesBuildPhase;
			buildActionMask = 2147483647;
			files = (
				94E3B33B1D3EB54500FC8A28 /* LaunchScreen.storyboard in Resources */,
				94E3B3381D3EB54500FC8A28 /* Assets.xcassets in Resources */,
				94E3B3361D3EB54500FC8A28 /* Main.storyboard in Resources */,
			);
			runOnlyForDeploymentPostprocessing = 0;
		};
/* End PBXResourcesBuildPhase section */

/* Begin PBXSourcesBuildPhase section */
		94E3B3291D3EB54500FC8A28 /* Sources */ = {
			isa = PBXSourcesBuildPhase;
			buildActionMask = 2147483647;
			files = (
				94E3B3311D3EB54500FC8A28 /* AppDelegate.swift in Sources */,
				9473F9111D429D6E00E75684 /* DoorTableViewController.swift in Sources */,
				9473F9131D42B50D00E75684 /* Constants.swift in Sources */,
				94853FD01D5E69230037560B /* TestTableViewController.swift in Sources */,
			);
			runOnlyForDeploymentPostprocessing = 0;
		};
/* End PBXSourcesBuildPhase section */

/* Begin PBXVariantGroup section */
		94E3B3341D3EB54500FC8A28 /* Main.storyboard */ = {
			isa = PBXVariantGroup;
			children = (
				94E3B3351D3EB54500FC8A28 /* Base */,
			);
			name = Main.storyboard;
			sourceTree = "<group>";
		};
		94E3B3391D3EB54500FC8A28 /* LaunchScreen.storyboard */ = {
			isa = PBXVariantGroup;
			children = (
				94E3B33A1D3EB54500FC8A28 /* Base */,
			);
			name = LaunchScreen.storyboard;
			sourceTree = "<group>";
		};
/* End PBXVariantGroup section */

/* Begin XCBuildConfiguration section */
		94E3B33D1D3EB54500FC8A28 /* Debug */ = {
			isa = XCBuildConfiguration;
			buildSettings = {
				ALWAYS_SEARCH_USER_PATHS = NO;
				CLANG_ANALYZER_NONNULL = YES;
				CLANG_CXX_LANGUAGE_STANDARD = "gnu++0x";
				CLANG_CXX_LIBRARY = "libc++";
				CLANG_ENABLE_MODULES = YES;
				CLANG_ENABLE_OBJC_ARC = YES;
				CLANG_WARN_BOOL_CONVERSION = YES;
				CLANG_WARN_CONSTANT_CONVERSION = YES;
				CLANG_WARN_DIRECT_OBJC_ISA_USAGE = YES_ERROR;
				CLANG_WARN_EMPTY_BODY = YES;
				CLANG_WARN_ENUM_CONVERSION = YES;
				CLANG_WARN_INT_CONVERSION = YES;
				CLANG_WARN_OBJC_ROOT_CLASS = YES_ERROR;
				CLANG_WARN_UNREACHABLE_CODE = YES;
				CLANG_WARN__DUPLICATE_METHOD_MATCH = YES;
				"CODE_SIGN_IDENTITY[sdk=iphoneos*]" = "iPhone Developer";
				COPY_PHASE_STRIP = NO;
				DEBUG_INFORMATION_FORMAT = dwarf;
				ENABLE_STRICT_OBJC_MSGSEND = YES;
				ENABLE_TESTABILITY = YES;
				GCC_C_LANGUAGE_STANDARD = gnu99;
				GCC_DYNAMIC_NO_PIC = NO;
				GCC_NO_COMMON_BLOCKS = YES;
				GCC_OPTIMIZATION_LEVEL = 0;
				GCC_PREPROCESSOR_DEFINITIONS = (
					"DEBUG=1",
					"$(inherited)",
				);
				GCC_WARN_64_TO_32_BIT_CONVERSION = YES;
				GCC_WARN_ABOUT_RETURN_TYPE = YES_ERROR;
				GCC_WARN_UNDECLARED_SELECTOR = YES;
				GCC_WARN_UNINITIALIZED_AUTOS = YES_AGGRESSIVE;
				GCC_WARN_UNUSED_FUNCTION = YES;
				GCC_WARN_UNUSED_VARIABLE = YES;
				IPHONEOS_DEPLOYMENT_TARGET = 9.3;
				MTL_ENABLE_DEBUG_INFO = YES;
				ONLY_ACTIVE_ARCH = YES;
				SDKROOT = iphoneos;
				SWIFT_OBJC_BRIDGING_HEADER = "${PROJECT_NAME}/ObjCBridge.h";
				SWIFT_OPTIMIZATION_LEVEL = "-Onone";
			};
			name = Debug;
		};
		94E3B33E1D3EB54500FC8A28 /* Release */ = {
			isa = XCBuildConfiguration;
			buildSettings = {
				ALWAYS_SEARCH_USER_PATHS = NO;
				CLANG_ANALYZER_NONNULL = YES;
				CLANG_CXX_LANGUAGE_STANDARD = "gnu++0x";
				CLANG_CXX_LIBRARY = "libc++";
				CLANG_ENABLE_MODULES = YES;
				CLANG_ENABLE_OBJC_ARC = YES;
				CLANG_WARN_BOOL_CONVERSION = YES;
				CLANG_WARN_CONSTANT_CONVERSION = YES;
				CLANG_WARN_DIRECT_OBJC_ISA_USAGE = YES_ERROR;
				CLANG_WARN_EMPTY_BODY = YES;
				CLANG_WARN_ENUM_CONVERSION = YES;
				CLANG_WARN_INT_CONVERSION = YES;
				CLANG_WARN_OBJC_ROOT_CLASS = YES_ERROR;
				CLANG_WARN_UNREACHABLE_CODE = YES;
				CLANG_WARN__DUPLICATE_METHOD_MATCH = YES;
				"CODE_SIGN_IDENTITY[sdk=iphoneos*]" = "iPhone Developer";
				COPY_PHASE_STRIP = NO;
				DEBUG_INFORMATION_FORMAT = "dwarf-with-dsym";
				ENABLE_NS_ASSERTIONS = NO;
				ENABLE_STRICT_OBJC_MSGSEND = YES;
				GCC_C_LANGUAGE_STANDARD = gnu99;
				GCC_NO_COMMON_BLOCKS = YES;
				GCC_WARN_64_TO_32_BIT_CONVERSION = YES;
				GCC_WARN_ABOUT_RETURN_TYPE = YES_ERROR;
				GCC_WARN_UNDECLARED_SELECTOR = YES;
				GCC_WARN_UNINITIALIZED_AUTOS = YES_AGGRESSIVE;
				GCC_WARN_UNUSED_FUNCTION = YES;
				GCC_WARN_UNUSED_VARIABLE = YES;
				IPHONEOS_DEPLOYMENT_TARGET = 9.3;
				MTL_ENABLE_DEBUG_INFO = NO;
				SDKROOT = iphoneos;
				SWIFT_OBJC_BRIDGING_HEADER = "${PROJECT_NAME}/ObjCBridge.h";
				VALIDATE_PRODUCT = YES;
			};
			name = Release;
		};
		94E3B3401D3EB54500FC8A28 /* Debug */ = {
			isa = XCBuildConfiguration;
			buildSettings = {
				ASSETCATALOG_COMPILER_APPICON_NAME = AppIcon;
				FRAMEWORK_SEARCH_PATHS = (
					"$(inherited)",
					"$(PROJECT_DIR)",
					"$(PROJECT_DIR)/Carthage/Build/iOS",
				);
				INFOPLIST_FILE = PocketBadge/Info.plist;
				LD_RUNPATH_SEARCH_PATHS = "$(inherited) @executable_path/Frameworks";
				PRODUCT_BUNDLE_IDENTIFIER = com.ryanpassage.PocketBadge;
				PRODUCT_NAME = "$(TARGET_NAME)";
			};
			name = Debug;
		};
		94E3B3411D3EB54500FC8A28 /* Release */ = {
			isa = XCBuildConfiguration;
			buildSettings = {
				ASSETCATALOG_COMPILER_APPICON_NAME = AppIcon;
				FRAMEWORK_SEARCH_PATHS = (
					"$(inherited)",
					"$(PROJECT_DIR)",
					"$(PROJECT_DIR)/Carthage/Build/iOS",
				);
				INFOPLIST_FILE = PocketBadge/Info.plist;
				LD_RUNPATH_SEARCH_PATHS = "$(inherited) @executable_path/Frameworks";
				PRODUCT_BUNDLE_IDENTIFIER = com.ryanpassage.PocketBadge;
				PRODUCT_NAME = "$(TARGET_NAME)";
			};
			name = Release;
		};
/* End XCBuildConfiguration section */

/* Begin XCConfigurationList section */
		94E3B3281D3EB54500FC8A28 /* Build configuration list for PBXProject "PocketBadge" */ = {
			isa = XCConfigurationList;
			buildConfigurations = (
				94E3B33D1D3EB54500FC8A28 /* Debug */,
				94E3B33E1D3EB54500FC8A28 /* Release */,
			);
			defaultConfigurationIsVisible = 0;
			defaultConfigurationName = Release;
		};
		94E3B33F1D3EB54500FC8A28 /* Build configuration list for PBXNativeTarget "PocketBadge" */ = {
			isa = XCConfigurationList;
			buildConfigurations = (
				94E3B3401D3EB54500FC8A28 /* Debug */,
				94E3B3411D3EB54500FC8A28 /* Release */,
			);
			defaultConfigurationIsVisible = 0;
			defaultConfigurationName = Release;
		};
/* End XCConfigurationList section */
	};
	rootObject = 94E3B3251D3EB54500FC8A28 /* Project object */;
}
